
Microsoft Visual Studio Solution File, Format Version 12.00
# Visual Studio Version 17
VisualStudioVersion = 17.11.35312.102
MinimumVisualStudioVersion = 10.0.40219.1
Project("{9A19103F-16F7-4668-BE54-9A1E7A4F7556}") = "Chat", "Chat\Chat.csproj", "{B5BE44C2-7422-4340-8B78-E803547DD385}"
EndProject
Global
	GlobalSection(SolutionConfigurationPlatforms) = preSolution
		Debug|Any CPU = Debug|Any CPU
		Release|Any CPU = Release|Any CPU
	EndGlobalSection
	GlobalSection(ProjectConfigurationPlatforms) = postSolution
		{B5BE44C2-7422-4340-8B78-E803547DD385}.Debug|Any CPU.ActiveCfg = Debug|Any CPU
		{B5BE44C2-7422-4340-8B78-E803547DD385}.Debug|Any CPU.Build.0 = Debug|Any CPU
		{B5BE44C2-7422-4340-8B78-E803547DD385}.Release|Any CPU.ActiveCfg = Release|Any CPU
		{B5BE44C2-7422-4340-8B78-E803547DD385}.Release|Any CPU.Build.0 = Release|Any CPU
	EndGlobalSection
	GlobalSection(SolutionProperties) = preSolution
		HideSolutionNode = FALSE
	EndGlobalSection
	GlobalSection(ExtensibilityGlobals) = postSolution
		SolutionGuid = {CBAC4282-5364-4AED-ADAD-6A818C56073F}
	EndGlobalSection
EndGlobal
